
Microsoft Visual Studio Solution File, Format Version 12.00
# Visual Studio Version 17
VisualStudioVersion = 17.3.32819.101
MinimumVisualStudioVersion = 10.0.40219.1
Project("{2150E333-8FDC-42A3-9474-1A3956D46DE8}") = "src", "src", "{957F7275-D741-4478-9FCE-F4CAF3E22019}"
EndProject
Project("{FAE04EC0-301F-11D3-BF4B-00C04F79EFBC}") = "Notes.Forms", "src\Notes.Forms\Notes.Forms.csproj", "{FA2642C4-8260-49EC-B0E0-2DA2A37322B4}"
EndProject
Project("{FAE04EC0-301F-11D3-BF4B-00C04F79EFBC}") = "Notes.Core", "src\Notes.Core\Notes.Core.csproj", "{86BADD9E-F751-46EA-B398-621290202C27}"
EndProject
Global
	GlobalSection(SolutionConfigurationPlatforms) = preSolution
		Debug|Any CPU = Debug|Any CPU
		Release|Any CPU = Release|Any CPU
	EndGlobalSection
	GlobalSection(ProjectConfigurationPlatforms) = postSolution
		{FA2642C4-8260-49EC-B0E0-2DA2A37322B4}.Debug|Any CPU.ActiveCfg = Debug|Any CPU
		{FA2642C4-8260-49EC-B0E0-2DA2A37322B4}.Debug|Any CPU.Build.0 = Debug|Any CPU
		{FA2642C4-8260-49EC-B0E0-2DA2A37322B4}.Release|Any CPU.ActiveCfg = Release|Any CPU
		{FA2642C4-8260-49EC-B0E0-2DA2A37322B4}.Release|Any CPU.Build.0 = Release|Any CPU
		{86BADD9E-F751-46EA-B398-621290202C27}.Debug|Any CPU.ActiveCfg = Debug|Any CPU
		{86BADD9E-F751-46EA-B398-621290202C27}.Debug|Any CPU.Build.0 = Debug|Any CPU
		{86BADD9E-F751-46EA-B398-621290202C27}.Release|Any CPU.ActiveCfg = Release|Any CPU
		{86BADD9E-F751-46EA-B398-621290202C27}.Release|Any CPU.Build.0 = Release|Any CPU
	EndGlobalSection
	GlobalSection(SolutionProperties) = preSolution
		HideSolutionNode = FALSE
	EndGlobalSection
	GlobalSection(NestedProjects) = preSolution
		{FA2642C4-8260-49EC-B0E0-2DA2A37322B4} = {957F7275-D741-4478-9FCE-F4CAF3E22019}
		{86BADD9E-F751-46EA-B398-621290202C27} = {957F7275-D741-4478-9FCE-F4CAF3E22019}
	EndGlobalSection
	GlobalSection(ExtensibilityGlobals) = postSolution
		SolutionGuid = {82C3FB89-834F-470B-B017-473890EEE4EB}
	EndGlobalSection
EndGlobal
